
Microsoft Visual Studio Solution File, Format Version 12.00
Project("{FAE04EC0-301F-11D3-BF4B-00C04F79EFBC}") = "GHASTest1", "GHASTest1\GHASTest1.csproj", "{B77AD135-AD1F-41A1-8183-C342797179A6}"
EndProject
Global
	GlobalSection(SolutionConfigurationPlatforms) = preSolution
		Debug|Any CPU = Debug|Any CPU
		Release|Any CPU = Release|Any CPU
	EndGlobalSection
	GlobalSection(ProjectConfigurationPlatforms) = postSolution
		{B77AD135-AD1F-41A1-8183-C342797179A6}.Debug|Any CPU.ActiveCfg = Debug|Any CPU
		{B77AD135-AD1F-41A1-8183-C342797179A6}.Debug|Any CPU.Build.0 = Debug|Any CPU
		{B77AD135-AD1F-41A1-8183-C342797179A6}.Release|Any CPU.ActiveCfg = Release|Any CPU
		{B77AD135-AD1F-41A1-8183-C342797179A6}.Release|Any CPU.Build.0 = Release|Any CPU
	EndGlobalSection
EndGlobal
